
Microsoft Visual Studio Solution File, Format Version 12.00
# Visual Studio 14
VisualStudioVersion = 14.0.22310.1
MinimumVisualStudioVersion = 10.0.40219.1
Project("{FAE04EC0-301F-11D3-BF4B-00C04F79EFBC}") = "hduhelp.WindowsPhone", "hduhelp\hduhelp.WindowsPhone\hduhelp.WindowsPhone.csproj", "{3496C655-128E-4629-A10C-3568D2E07732}"
EndProject
Project("{D954291E-2A0B-460D-934E-DC6B0785DB48}") = "hduhelp.Shared", "hduhelp\hduhelp.Shared\hduhelp.Shared.shproj", "{F7EF613F-169E-4B25-8AE8-A858ECD8932B}"
EndProject
Global
	GlobalSection(SharedMSBuildProjectFiles) = preSolution
		hduhelp\hduhelp.Shared\hduhelp.Shared.projitems*{3496c655-128e-4629-a10c-3568d2e07732}*SharedItemsImports = 4
		hduhelp\hduhelp.Shared\hduhelp.Shared.projitems*{f7ef613f-169e-4b25-8ae8-a858ecd8932b}*SharedItemsImports = 13
	EndGlobalSection
	GlobalSection(SolutionConfigurationPlatforms) = preSolution
		Debug|Any CPU = Debug|Any CPU
		Debug|ARM = Debug|ARM
		Debug|x64 = Debug|x64
		Debug|x86 = Debug|x86
		Release|Any CPU = Release|Any CPU
		Release|ARM = Release|ARM
		Release|x64 = Release|x64
		Release|x86 = Release|x86
	EndGlobalSection
	GlobalSection(ProjectConfigurationPlatforms) = postSolution
		{3496C655-128E-4629-A10C-3568D2E07732}.Debug|Any CPU.ActiveCfg = Debug|Any CPU
		{3496C655-128E-4629-A10C-3568D2E07732}.Debug|Any CPU.Build.0 = Debug|Any CPU
		{3496C655-128E-4629-A10C-3568D2E07732}.Debug|Any CPU.Deploy.0 = Debug|Any CPU
		{3496C655-128E-4629-A10C-3568D2E07732}.Debug|ARM.ActiveCfg = Debug|ARM
		{3496C655-128E-4629-A10C-3568D2E07732}.Debug|ARM.Build.0 = Debug|ARM
		{3496C655-128E-4629-A10C-3568D2E07732}.Debug|ARM.Deploy.0 = Debug|ARM
		{3496C655-128E-4629-A10C-3568D2E07732}.Debug|x64.ActiveCfg = Debug|Any CPU
		{3496C655-128E-4629-A10C-3568D2E07732}.Debug|x64.Build.0 = Debug|Any CPU
		{3496C655-128E-4629-A10C-3568D2E07732}.Debug|x64.Deploy.0 = Debug|Any CPU
		{3496C655-128E-4629-A10C-3568D2E07732}.Debug|x86.ActiveCfg = Debug|x86
		{3496C655-128E-4629-A10C-3568D2E07732}.Debug|x86.Build.0 = Debug|x86
		{3496C655-128E-4629-A10C-3568D2E07732}.Debug|x86.Deploy.0 = Debug|x86
		{3496C655-128E-4629-A10C-3568D2E07732}.Release|Any CPU.ActiveCfg = Release|Any CPU
		{3496C655-128E-4629-A10C-3568D2E07732}.Release|Any CPU.Build.0 = Release|Any CPU
		{3496C655-128E-4629-A10C-3568D2E07732}.Release|Any CPU.Deploy.0 = Release|Any CPU
		{3496C655-128E-4629-A10C-3568D2E07732}.Release|ARM.ActiveCfg = Release|ARM
		{3496C655-128E-4629-A10C-3568D2E07732}.Release|ARM.Build.0 = Release|ARM
		{3496C655-128E-4629-A10C-3568D2E07732}.Release|ARM.Deploy.0 = Release|ARM
		{3496C655-128E-4629-A10C-3568D2E07732}.Release|x64.ActiveCfg = Release|Any CPU
		{3496C655-128E-4629-A10C-3568D2E07732}.Release|x64.Build.0 = Release|Any CPU
		{3496C655-128E-4629-A10C-3568D2E07732}.Release|x64.Deploy.0 = Release|Any CPU
		{3496C655-128E-4629-A10C-3568D2E07732}.Release|x86.ActiveCfg = Release|x86
		{3496C655-128E-4629-A10C-3568D2E07732}.Release|x86.Build.0 = Release|x86
		{3496C655-128E-4629-A10C-3568D2E07732}.Release|x86.Deploy.0 = Release|x86
	EndGlobalSection
	GlobalSection(SolutionProperties) = preSolution
		HideSolutionNode = FALSE
	EndGlobalSection
EndGlobal
